// !$*UTF8*$!
{
	archiveVersion = 1;
	classes = {
	};
	objectVersion = 46;
	objects = {

/* Begin PBXBuildFile section */
		5522A6FE1E6690CE001ECF64 /* DDPPU.c in Sources */ = {isa = PBXBuildFile; fileRef = 5522A6FC1E6690CE001ECF64 /* DDPPU.c */; };
		556FCEFE1E4D6F0D00731450 /* DDROM.c in Sources */ = {isa = PBXBuildFile; fileRef = 556FCEFC1E4D6F0D00731450 /* DDROM.c */; };
		556FCF011E4D8EAC00731450 /* DDTest.c in Sources */ = {isa = PBXBuildFile; fileRef = 556FCEFF1E4D8EAC00731450 /* DDTest.c */; };
		556FCF031E4D944000731450 /* TestROMs in CopyFiles */ = {isa = PBXBuildFile; fileRef = 556FCF021E4D929100731450 /* TestROMs */; };
		558AC0811E3AC50D00B786DE /* main.c in Sources */ = {isa = PBXBuildFile; fileRef = 558AC0801E3AC50D00B786DE /* main.c */; };
		558AC0841E3B078800B786DE /* DD6502.c in Sources */ = {isa = PBXBuildFile; fileRef = 558AC0821E3B078800B786DE /* DD6502.c */; };
/* End PBXBuildFile section */

/* Begin PBXCopyFilesBuildPhase section */
		558AC0721E3AC42200B786DE /* CopyFiles */ = {
			isa = PBXCopyFilesBuildPhase;
			buildActionMask = 12;
			dstPath = "";
			dstSubfolderSpec = 16;
			files = (
				556FCF031E4D944000731450 /* TestROMs in CopyFiles */,
			);
			runOnlyForDeploymentPostprocessing = 0;
		};
/* End PBXCopyFilesBuildPhase section */

/* Begin PBXFileReference section */
		5522A6FC1E6690CE001ECF64 /* DDPPU.c */ = {isa = PBXFileReference; fileEncoding = 4; lastKnownFileType = sourcecode.c.c; name = DDPPU.c; path = Sources/DDPPU.c; sourceTree = "<group>"; };
		5522A6FD1E6690CE001ECF64 /* DDPPU.h */ = {isa = PBXFileReference; fileEncoding = 4; lastKnownFileType = sourcecode.c.h; name = DDPPU.h; path = Sources/DDPPU.h; sourceTree = "<group>"; };
		556FCEFC1E4D6F0D00731450 /* DDROM.c */ = {isa = PBXFileReference; fileEncoding = 4; lastKnownFileType = sourcecode.c.c; name = DDROM.c; path = Sources/DDROM.c; sourceTree = "<group>"; };
		556FCEFD1E4D6F0D00731450 /* DDROM.h */ = {isa = PBXFileReference; fileEncoding = 4; lastKnownFileType = sourcecode.c.h; name = DDROM.h; path = Sources/DDROM.h; sourceTree = "<group>"; };
		556FCEFF1E4D8EAC00731450 /* DDTest.c */ = {isa = PBXFileReference; fileEncoding = 4; lastKnownFileType = sourcecode.c.c; name = DDTest.c; path = Sources/DDTest.c; sourceTree = "<group>"; };
		556FCF001E4D8EAC00731450 /* DDTest.h */ = {isa = PBXFileReference; fileEncoding = 4; lastKnownFileType = sourcecode.c.h; name = DDTest.h; path = Sources/DDTest.h; sourceTree = "<group>"; };
		556FCF021E4D929100731450 /* TestROMs */ = {isa = PBXFileReference; lastKnownFileType = folder; path = TestROMs; sourceTree = "<group>"; };
		558AC0741E3AC42200B786DE /* DDNES */ = {isa = PBXFileReference; explicitFileType = "compiled.mach-o.executable"; includeInIndex = 0; path = DDNES; sourceTree = BUILT_PRODUCTS_DIR; };
		558AC0801E3AC50D00B786DE /* main.c */ = {isa = PBXFileReference; fileEncoding = 4; lastKnownFileType = sourcecode.c.c; name = main.c; path = Sources/main.c; sourceTree = "<group>"; };
		558AC0821E3B078800B786DE /* DD6502.c */ = {isa = PBXFileReference; fileEncoding = 4; lastKnownFileType = sourcecode.c.c; name = DD6502.c; path = Sources/DD6502.c; sourceTree = "<group>"; };
		558AC0831E3B078800B786DE /* DD6502.h */ = {isa = PBXFileReference; fileEncoding = 4; lastKnownFileType = sourcecode.c.h; name = DD6502.h; path = Sources/DD6502.h; sourceTree = "<group>"; };
		55CD01A51E50D71200D4C7AB /* DDTypes.h */ = {isa = PBXFileReference; fileEncoding = 4; lastKnownFileType = sourcecode.c.h; name = DDTypes.h; path = Sources/DDTypes.h; sourceTree = "<group>"; };
/* End PBXFileReference section */

/* Begin PBXFrameworksBuildPhase section */
		558AC0711E3AC42200B786DE /* Frameworks */ = {
			isa = PBXFrameworksBuildPhase;
			buildActionMask = 2147483647;
			files = (
			);
			runOnlyForDeploymentPostprocessing = 0;
		};
/* End PBXFrameworksBuildPhase section */

/* Begin PBXGroup section */
		558AC06B1E3AC42200B786DE = {
			isa = PBXGroup;
			children = (
				558AC0801E3AC50D00B786DE /* main.c */,
				558AC0821E3B078800B786DE /* DD6502.c */,
				558AC0831E3B078800B786DE /* DD6502.h */,
				556FCEFC1E4D6F0D00731450 /* DDROM.c */,
				556FCEFD1E4D6F0D00731450 /* DDROM.h */,
				5522A6FC1E6690CE001ECF64 /* DDPPU.c */,
				5522A6FD1E6690CE001ECF64 /* DDPPU.h */,
				55CD01A51E50D71200D4C7AB /* DDTypes.h */,
				556FCEFF1E4D8EAC00731450 /* DDTest.c */,
				556FCF001E4D8EAC00731450 /* DDTest.h */,
				556FCF021E4D929100731450 /* TestROMs */,
				558AC0751E3AC42200B786DE /* Products */,
			);
			sourceTree = "<group>";
		};
		558AC0751E3AC42200B786DE /* Products */ = {
			isa = PBXGroup;
			children = (
				558AC0741E3AC42200B786DE /* DDNES */,
			);
			name = Products;
			sourceTree = "<group>";
		};
/* End PBXGroup section */

/* Begin PBXNativeTarget section */
		558AC0731E3AC42200B786DE /* DDNES */ = {
			isa = PBXNativeTarget;
			buildConfigurationList = 558AC07B1E3AC42200B786DE /* Build configuration list for PBXNativeTarget "DDNES" */;
			buildPhases = (
				558AC0701E3AC42200B786DE /* Sources */,
				558AC0711E3AC42200B786DE /* Frameworks */,
				558AC0721E3AC42200B786DE /* CopyFiles */,
			);
			buildRules = (
			);
			dependencies = (
			);
			name = DDNES;
			productName = DDNES;
			productReference = 558AC0741E3AC42200B786DE /* DDNES */;
			productType = "com.apple.product-type.tool";
		};
/* End PBXNativeTarget section */

/* Begin PBXProject section */
		558AC06C1E3AC42200B786DE /* Project object */ = {
			isa = PBXProject;
			attributes = {
				LastUpgradeCheck = 0820;
				ORGANIZATIONNAME = "David Kopec";
				TargetAttributes = {
					558AC0731E3AC42200B786DE = {
						CreatedOnToolsVersion = 8.2.1;
						DevelopmentTeam = 59VX8JQ7R6;
						ProvisioningStyle = Automatic;
					};
				};
			};
			buildConfigurationList = 558AC06F1E3AC42200B786DE /* Build configuration list for PBXProject "DDNES" */;
			compatibilityVersion = "Xcode 3.2";
			developmentRegion = English;
			hasScannedForEncodings = 0;
			knownRegions = (
				en,
			);
			mainGroup = 558AC06B1E3AC42200B786DE;
			productRefGroup = 558AC0751E3AC42200B786DE /* Products */;
			projectDirPath = "";
			projectRoot = "";
			targets = (
				558AC0731E3AC42200B786DE /* DDNES */,
			);
		};
/* End PBXProject section */

/* Begin PBXSourcesBuildPhase section */
		558AC0701E3AC42200B786DE /* Sources */ = {
			isa = PBXSourcesBuildPhase;
			buildActionMask = 2147483647;
			files = (
				556FCEFE1E4D6F0D00731450 /* DDROM.c in Sources */,
				5522A6FE1E6690CE001ECF64 /* DDPPU.c in Sources */,
				556FCF011E4D8EAC00731450 /* DDTest.c in Sources */,
				558AC0841E3B078800B786DE /* DD6502.c in Sources */,
				558AC0811E3AC50D00B786DE /* main.c in Sources */,
			);
			runOnlyForDeploymentPostprocessing = 0;
		};
/* End PBXSourcesBuildPhase section */

/* Begin XCBuildConfiguration section */
		558AC0791E3AC42200B786DE /* Debug */ = {
			isa = XCBuildConfiguration;
			buildSettings = {
				ALWAYS_SEARCH_USER_PATHS = NO;
				CLANG_ANALYZER_NONNULL = YES;
				CLANG_CXX_LANGUAGE_STANDARD = "gnu++0x";
				CLANG_CXX_LIBRARY = "libc++";
				CLANG_ENABLE_MODULES = YES;
				CLANG_ENABLE_OBJC_ARC = YES;
				CLANG_WARN_BOOL_CONVERSION = YES;
				CLANG_WARN_CONSTANT_CONVERSION = YES;
				CLANG_WARN_DIRECT_OBJC_ISA_USAGE = YES_ERROR;
				CLANG_WARN_DOCUMENTATION_COMMENTS = YES;
				CLANG_WARN_EMPTY_BODY = YES;
				CLANG_WARN_ENUM_CONVERSION = YES;
				CLANG_WARN_INFINITE_RECURSION = YES;
				CLANG_WARN_INT_CONVERSION = YES;
				CLANG_WARN_OBJC_ROOT_CLASS = YES_ERROR;
				CLANG_WARN_SUSPICIOUS_MOVE = YES;
				CLANG_WARN_UNREACHABLE_CODE = YES;
				CLANG_WARN__DUPLICATE_METHOD_MATCH = YES;
				CODE_SIGN_IDENTITY = "-";
				COPY_PHASE_STRIP = NO;
				DEBUG_INFORMATION_FORMAT = dwarf;
				ENABLE_STRICT_OBJC_MSGSEND = YES;
				ENABLE_TESTABILITY = YES;
				GCC_C_LANGUAGE_STANDARD = gnu99;
				GCC_DYNAMIC_NO_PIC = NO;
				GCC_NO_COMMON_BLOCKS = YES;
				GCC_OPTIMIZATION_LEVEL = 0;
				GCC_PREPROCESSOR_DEFINITIONS = (
					"DEBUG=1",
					"$(inherited)",
				);
				GCC_WARN_64_TO_32_BIT_CONVERSION = YES;
				GCC_WARN_ABOUT_RETURN_TYPE = YES_ERROR;
				GCC_WARN_UNDECLARED_SELECTOR = YES;
				GCC_WARN_UNINITIALIZED_AUTOS = YES_AGGRESSIVE;
				GCC_WARN_UNUSED_FUNCTION = YES;
				GCC_WARN_UNUSED_VARIABLE = YES;
				MACOSX_DEPLOYMENT_TARGET = 10.12;
				MTL_ENABLE_DEBUG_INFO = YES;
				ONLY_ACTIVE_ARCH = YES;
				SDKROOT = macosx;
			};
			name = Debug;
		};
		558AC07A1E3AC42200B786DE /* Release */ = {
			isa = XCBuildConfiguration;
			buildSettings = {
				ALWAYS_SEARCH_USER_PATHS = NO;
				CLANG_ANALYZER_NONNULL = YES;
				CLANG_CXX_LANGUAGE_STANDARD = "gnu++0x";
				CLANG_CXX_LIBRARY = "libc++";
				CLANG_ENABLE_MODULES = YES;
				CLANG_ENABLE_OBJC_ARC = YES;
				CLANG_WARN_BOOL_CONVERSION = YES;
				CLANG_WARN_CONSTANT_CONVERSION = YES;
				CLANG_WARN_DIRECT_OBJC_ISA_USAGE = YES_ERROR;
				CLANG_WARN_DOCUMENTATION_COMMENTS = YES;
				CLANG_WARN_EMPTY_BODY = YES;
				CLANG_WARN_ENUM_CONVERSION = YES;
				CLANG_WARN_INFINITE_RECURSION = YES;
				CLANG_WARN_INT_CONVERSION = YES;
				CLANG_WARN_OBJC_ROOT_CLASS = YES_ERROR;
				CLANG_WARN_SUSPICIOUS_MOVE = YES;
				CLANG_WARN_UNREACHABLE_CODE = YES;
				CLANG_WARN__DUPLICATE_METHOD_MATCH = YES;
				CODE_SIGN_IDENTITY = "-";
				COPY_PHASE_STRIP = NO;
				DEBUG_INFORMATION_FORMAT = "dwarf-with-dsym";
				ENABLE_NS_ASSERTIONS = NO;
				ENABLE_STRICT_OBJC_MSGSEND = YES;
				GCC_C_LANGUAGE_STANDARD = gnu99;
				GCC_NO_COMMON_BLOCKS = YES;
				GCC_WARN_64_TO_32_BIT_CONVERSION = YES;
				GCC_WARN_ABOUT_RETURN_TYPE = YES_ERROR;
				GCC_WARN_UNDECLARED_SELECTOR = YES;
				GCC_WARN_UNINITIALIZED_AUTOS = YES_AGGRESSIVE;
				GCC_WARN_UNUSED_FUNCTION = YES;
				GCC_WARN_UNUSED_VARIABLE = YES;
				MACOSX_DEPLOYMENT_TARGET = 10.12;
				MTL_ENABLE_DEBUG_INFO = NO;
				SDKROOT = macosx;
			};
			name = Release;
		};
		558AC07C1E3AC42200B786DE /* Debug */ = {
			isa = XCBuildConfiguration;
			buildSettings = {
				DEVELOPMENT_TEAM = 59VX8JQ7R6;
				PRODUCT_NAME = "$(TARGET_NAME)";
			};
			name = Debug;
		};
		558AC07D1E3AC42200B786DE /* Release */ = {
			isa = XCBuildConfiguration;
			buildSettings = {
				DEVELOPMENT_TEAM = 59VX8JQ7R6;
				PRODUCT_NAME = "$(TARGET_NAME)";
			};
			name = Release;
		};
/* End XCBuildConfiguration section */

/* Begin XCConfigurationList section */
		558AC06F1E3AC42200B786DE /* Build configuration list for PBXProject "DDNES" */ = {
			isa = XCConfigurationList;
			buildConfigurations = (
				558AC0791E3AC42200B786DE /* Debug */,
				558AC07A1E3AC42200B786DE /* Release */,
			);
			defaultConfigurationIsVisible = 0;
			defaultConfigurationName = Release;
		};
		558AC07B1E3AC42200B786DE /* Build configuration list for PBXNativeTarget "DDNES" */ = {
			isa = XCConfigurationList;
			buildConfigurations = (
				558AC07C1E3AC42200B786DE /* Debug */,
				558AC07D1E3AC42200B786DE /* Release */,
			);
			defaultConfigurationIsVisible = 0;
			defaultConfigurationName = Release;
		};
/* End XCConfigurationList section */
	};
	rootObject = 558AC06C1E3AC42200B786DE /* Project object */;
}
